// !$*UTF8*$!
{
	archiveVersion = 1;
	classes = {
	};
	objectVersion = 50;
	objects = {

/* Begin PBXBuildFile section */
		63102FF2257500DB0018A29B /* AppDelegate.swift in Sources */ = {isa = PBXBuildFile; fileRef = 63102FF1257500DB0018A29B /* AppDelegate.swift */; };
		63102FF4257500DB0018A29B /* SceneDelegate.swift in Sources */ = {isa = PBXBuildFile; fileRef = 63102FF3257500DB0018A29B /* SceneDelegate.swift */; };
		63102FFB257500DD0018A29B /* Preview Assets.xcassets in Resources */ = {isa = PBXBuildFile; fileRef = 63102FFA257500DD0018A29B /* Preview Assets.xcassets */; };
		63102FFE257500DD0018A29B /* LaunchScreen.storyboard in Resources */ = {isa = PBXBuildFile; fileRef = 63102FFC257500DD0018A29B /* LaunchScreen.storyboard */; };
		63103228257509A40018A29B /* RowItemView.swift in Sources */ = {isa = PBXBuildFile; fileRef = 63103220257509A40018A29B /* RowItemView.swift */; };
		63103229257509A40018A29B /* Menu.swift in Sources */ = {isa = PBXBuildFile; fileRef = 63103221257509A40018A29B /* Menu.swift */; };
		6310322A257509A40018A29B /* ItemDetailView.swift in Sources */ = {isa = PBXBuildFile; fileRef = 63103222257509A40018A29B /* ItemDetailView.swift */; };
		6310322B257509A40018A29B /* Order.swift in Sources */ = {isa = PBXBuildFile; fileRef = 63103223257509A40018A29B /* Order.swift */; };
		6310322C257509A40018A29B /* Helper.swift in Sources */ = {isa = PBXBuildFile; fileRef = 63103224257509A40018A29B /* Helper.swift */; };
		6310322D257509A50018A29B /* menu.json in Resources */ = {isa = PBXBuildFile; fileRef = 63103225257509A40018A29B /* menu.json */; };
		6310322E257509A50018A29B /* Assets.xcassets in Resources */ = {isa = PBXBuildFile; fileRef = 63103226257509A40018A29B /* Assets.xcassets */; };
		6310322F257509A50018A29B /* ContentView.swift in Sources */ = {isa = PBXBuildFile; fileRef = 63103227257509A40018A29B /* ContentView.swift */; };
/* End PBXBuildFile section */

/* Begin PBXFileReference section */
		63102FEE257500DB0018A29B /* idine.app */ = {isa = PBXFileReference; explicitFileType = wrapper.application; includeInIndex = 0; path = idine.app; sourceTree = BUILT_PRODUCTS_DIR; };
		63102FF1257500DB0018A29B /* AppDelegate.swift */ = {isa = PBXFileReference; lastKnownFileType = sourcecode.swift; path = AppDelegate.swift; sourceTree = "<group>"; };
		63102FF3257500DB0018A29B /* SceneDelegate.swift */ = {isa = PBXFileReference; lastKnownFileType = sourcecode.swift; path = SceneDelegate.swift; sourceTree = "<group>"; };
		63102FFA257500DD0018A29B /* Preview Assets.xcassets */ = {isa = PBXFileReference; lastKnownFileType = folder.assetcatalog; path = "Preview Assets.xcassets"; sourceTree = "<group>"; };
		63102FFD257500DD0018A29B /* Base */ = {isa = PBXFileReference; lastKnownFileType = file.storyboard; name = Base; path = Base.lproj/LaunchScreen.storyboard; sourceTree = "<group>"; };
		63102FFF257500DD0018A29B /* Info.plist */ = {isa = PBXFileReference; lastKnownFileType = text.plist.xml; path = Info.plist; sourceTree = "<group>"; };
		63103220257509A40018A29B /* RowItemView.swift */ = {isa = PBXFileReference; fileEncoding = 4; lastKnownFileType = sourcecode.swift; name = RowItemView.swift; path = ../../shared/RowItemView.swift; sourceTree = "<group>"; };
		63103221257509A40018A29B /* Menu.swift */ = {isa = PBXFileReference; fileEncoding = 4; lastKnownFileType = sourcecode.swift; name = Menu.swift; path = ../../shared/Menu.swift; sourceTree = "<group>"; };
		63103222257509A40018A29B /* ItemDetailView.swift */ = {isa = PBXFileReference; fileEncoding = 4; lastKnownFileType = sourcecode.swift; name = ItemDetailView.swift; path = ../../shared/ItemDetailView.swift; sourceTree = "<group>"; };
		63103223257509A40018A29B /* Order.swift */ = {isa = PBXFileReference; fileEncoding = 4; lastKnownFileType = sourcecode.swift; name = Order.swift; path = ../../shared/Order.swift; sourceTree = "<group>"; };
		63103224257509A40018A29B /* Helper.swift */ = {isa = PBXFileReference; fileEncoding = 4; lastKnownFileType = sourcecode.swift; name = Helper.swift; path = ../../shared/Helper.swift; sourceTree = "<group>"; };
		63103225257509A40018A29B /* menu.json */ = {isa = PBXFileReference; fileEncoding = 4; lastKnownFileType = text.json; name = menu.json; path = ../../shared/menu.json; sourceTree = "<group>"; };
		63103226257509A40018A29B /* Assets.xcassets */ = {isa = PBXFileReference; lastKnownFileType = folder.assetcatalog; name = Assets.xcassets; path = ../../shared/Assets.xcassets; sourceTree = "<group>"; };
		63103227257509A40018A29B /* ContentView.swift */ = {isa = PBXFileReference; fileEncoding = 4; lastKnownFileType = sourcecode.swift; name = ContentView.swift; path = ../../shared/ContentView.swift; sourceTree = "<group>"; };
/* End PBXFileReference section */

/* Begin PBXFrameworksBuildPhase section */
		63102FEB257500DB0018A29B /* Frameworks */ = {
			isa = PBXFrameworksBuildPhase;
			buildActionMask = 2147483647;
			files = (
			);
			runOnlyForDeploymentPostprocessing = 0;
		};
/* End PBXFrameworksBuildPhase section */

/* Begin PBXGroup section */
		63102FE5257500DB0018A29B = {
			isa = PBXGroup;
			children = (
				63102FF0257500DB0018A29B /* idine */,
				63102FEF257500DB0018A29B /* Products */,
			);
			sourceTree = "<group>";
		};
		63102FEF257500DB0018A29B /* Products */ = {
			isa = PBXGroup;
			children = (
				63102FEE257500DB0018A29B /* idine.app */,
			);
			name = Products;
			sourceTree = "<group>";
		};
		63102FF0257500DB0018A29B /* idine */ = {
			isa = PBXGroup;
			children = (
				63103226257509A40018A29B /* Assets.xcassets */,
				63103227257509A40018A29B /* ContentView.swift */,
				63103224257509A40018A29B /* Helper.swift */,
				63103222257509A40018A29B /* ItemDetailView.swift */,
				63103225257509A40018A29B /* menu.json */,
				63103221257509A40018A29B /* Menu.swift */,
				63103223257509A40018A29B /* Order.swift */,
				63103220257509A40018A29B /* RowItemView.swift */,
				63102FF1257500DB0018A29B /* AppDelegate.swift */,
				63102FF3257500DB0018A29B /* SceneDelegate.swift */,
				63102FFC257500DD0018A29B /* LaunchScreen.storyboard */,
				63102FFF257500DD0018A29B /* Info.plist */,
				63102FF9257500DD0018A29B /* Preview Content */,
			);
			path = idine;
			sourceTree = "<group>";
		};
		63102FF9257500DD0018A29B /* Preview Content */ = {
			isa = PBXGroup;
			children = (
				63102FFA257500DD0018A29B /* Preview Assets.xcassets */,
			);
			path = "Preview Content";
			sourceTree = "<group>";
		};
/* End PBXGroup section */

/* Begin PBXNativeTarget section */
		63102FED257500DB0018A29B /* idine */ = {
			isa = PBXNativeTarget;
			buildConfigurationList = 63103002257500DD0018A29B /* Build configuration list for PBXNativeTarget "idine" */;
			buildPhases = (
				63102FEA257500DB0018A29B /* Sources */,
				63102FEB257500DB0018A29B /* Frameworks */,
				63102FEC257500DB0018A29B /* Resources */,
			);
			buildRules = (
			);
			dependencies = (
			);
			name = idine;
			productName = idine;
			productReference = 63102FEE257500DB0018A29B /* idine.app */;
			productType = "com.apple.product-type.application";
		};
/* End PBXNativeTarget section */

/* Begin PBXProject section */
		63102FE6257500DB0018A29B /* Project object */ = {
			isa = PBXProject;
			attributes = {
				LastSwiftUpdateCheck = 1220;
				LastUpgradeCheck = 1220;
				TargetAttributes = {
					63102FED257500DB0018A29B = {
						CreatedOnToolsVersion = 12.2;
					};
				};
			};
			buildConfigurationList = 63102FE9257500DB0018A29B /* Build configuration list for PBXProject "idine-UIKit" */;
			compatibilityVersion = "Xcode 9.3";
			developmentRegion = en;
			hasScannedForEncodings = 0;
			knownRegions = (
				en,
				Base,
			);
			mainGroup = 63102FE5257500DB0018A29B;
			productRefGroup = 63102FEF257500DB0018A29B /* Products */;
			projectDirPath = "";
			projectRoot = "";
			targets = (
				63102FED257500DB0018A29B /* idine */,
			);
		};
/* End PBXProject section */

/* Begin PBXResourcesBuildPhase section */
		63102FEC257500DB0018A29B /* Resources */ = {
			isa = PBXResourcesBuildPhase;
			buildActionMask = 2147483647;
			files = (
				6310322D257509A50018A29B /* menu.json in Resources */,
				63102FFE257500DD0018A29B /* LaunchScreen.storyboard in Resources */,
				6310322E257509A50018A29B /* Assets.xcassets in Resources */,
				63102FFB257500DD0018A29B /* Preview Assets.xcassets in Resources */,
			);
			runOnlyForDeploymentPostprocessing = 0;
		};
/* End PBXResourcesBuildPhase section */

/* Begin PBXSourcesBuildPhase section */
		63102FEA257500DB0018A29B /* Sources */ = {
			isa = PBXSourcesBuildPhase;
			buildActionMask = 2147483647;
			files = (
				6310322B257509A40018A29B /* Order.swift in Sources */,
				6310322C257509A40018A29B /* Helper.swift in Sources */,
				6310322F257509A50018A29B /* ContentView.swift in Sources */,
				6310322A257509A40018A29B /* ItemDetailView.swift in Sources */,
				63102FF2257500DB0018A29B /* AppDelegate.swift in Sources */,
				63103228257509A40018A29B /* RowItemView.swift in Sources */,
				63103229257509A40018A29B /* Menu.swift in Sources */,
				63102FF4257500DB0018A29B /* SceneDelegate.swift in Sources */,
			);
			runOnlyForDeploymentPostprocessing = 0;
		};
/* End PBXSourcesBuildPhase section */

/* Begin PBXVariantGroup section */
		63102FFC257500DD0018A29B /* LaunchScreen.storyboard */ = {
			isa = PBXVariantGroup;
			children = (
				63102FFD257500DD0018A29B /* Base */,
			);
			name = LaunchScreen.storyboard;
			sourceTree = "<group>";
		};
/* End PBXVariantGroup section */

/* Begin XCBuildConfiguration section */
		63103000257500DD0018A29B /* Debug */ = {
			isa = XCBuildConfiguration;
			buildSettings = {
				ALWAYS_SEARCH_USER_PATHS = NO;
				CLANG_ANALYZER_NONNULL = YES;
				CLANG_ANALYZER_NUMBER_OBJECT_CONVERSION = YES_AGGRESSIVE;
				CLANG_CXX_LANGUAGE_STANDARD = "gnu++14";
				CLANG_CXX_LIBRARY = "libc++";
				CLANG_ENABLE_MODULES = YES;
				CLANG_ENABLE_OBJC_ARC = YES;
				CLANG_ENABLE_OBJC_WEAK = YES;
				CLANG_WARN_BLOCK_CAPTURE_AUTORELEASING = YES;
				CLANG_WARN_BOOL_CONVERSION = YES;
				CLANG_WARN_COMMA = YES;
				CLANG_WARN_CONSTANT_CONVERSION = YES;
				CLANG_WARN_DEPRECATED_OBJC_IMPLEMENTATIONS = YES;
				CLANG_WARN_DIRECT_OBJC_ISA_USAGE = YES_ERROR;
				CLANG_WARN_DOCUMENTATION_COMMENTS = YES;
				CLANG_WARN_EMPTY_BODY = YES;
				CLANG_WARN_ENUM_CONVERSION = YES;
				CLANG_WARN_INFINITE_RECURSION = YES;
				CLANG_WARN_INT_CONVERSION = YES;
				CLANG_WARN_NON_LITERAL_NULL_CONVERSION = YES;
				CLANG_WARN_OBJC_IMPLICIT_RETAIN_SELF = YES;
				CLANG_WARN_OBJC_LITERAL_CONVERSION = YES;
				CLANG_WARN_OBJC_ROOT_CLASS = YES_ERROR;
				CLANG_WARN_QUOTED_INCLUDE_IN_FRAMEWORK_HEADER = YES;
				CLANG_WARN_RANGE_LOOP_ANALYSIS = YES;
				CLANG_WARN_STRICT_PROTOTYPES = YES;
				CLANG_WARN_SUSPICIOUS_MOVE = YES;
				CLANG_WARN_UNGUARDED_AVAILABILITY = YES_AGGRESSIVE;
				CLANG_WARN_UNREACHABLE_CODE = YES;
				CLANG_WARN__DUPLICATE_METHOD_MATCH = YES;
				COPY_PHASE_STRIP = NO;
				DEBUG_INFORMATION_FORMAT = dwarf;
				ENABLE_STRICT_OBJC_MSGSEND = YES;
				ENABLE_TESTABILITY = YES;
				GCC_C_LANGUAGE_STANDARD = gnu11;
				GCC_DYNAMIC_NO_PIC = NO;
				GCC_NO_COMMON_BLOCKS = YES;
				GCC_OPTIMIZATION_LEVEL = 0;
				GCC_PREPROCESSOR_DEFINITIONS = (
					"DEBUG=1",
					"$(inherited)",
				);
				GCC_WARN_64_TO_32_BIT_CONVERSION = YES;
				GCC_WARN_ABOUT_RETURN_TYPE = YES_ERROR;
				GCC_WARN_UNDECLARED_SELECTOR = YES;
				GCC_WARN_UNINITIALIZED_AUTOS = YES_AGGRESSIVE;
				GCC_WARN_UNUSED_FUNCTION = YES;
				GCC_WARN_UNUSED_VARIABLE = YES;
				IPHONEOS_DEPLOYMENT_TARGET = 14.2;
				MTL_ENABLE_DEBUG_INFO = INCLUDE_SOURCE;
				MTL_FAST_MATH = YES;
				ONLY_ACTIVE_ARCH = YES;
				SDKROOT = iphoneos;
				SWIFT_ACTIVE_COMPILATION_CONDITIONS = DEBUG;
				SWIFT_OPTIMIZATION_LEVEL = "-Onone";
			};
			name = Debug;
		};
		63103001257500DD0018A29B /* Release */ = {
			isa = XCBuildConfiguration;
			buildSettings = {
				ALWAYS_SEARCH_USER_PATHS = NO;
				CLANG_ANALYZER_NONNULL = YES;
				CLANG_ANALYZER_NUMBER_OBJECT_CONVERSION = YES_AGGRESSIVE;
				CLANG_CXX_LANGUAGE_STANDARD = "gnu++14";
				CLANG_CXX_LIBRARY = "libc++";
				CLANG_ENABLE_MODULES = YES;
				CLANG_ENABLE_OBJC_ARC = YES;
				CLANG_ENABLE_OBJC_WEAK = YES;
				CLANG_WARN_BLOCK_CAPTURE_AUTORELEASING = YES;
				CLANG_WARN_BOOL_CONVERSION = YES;
				CLANG_WARN_COMMA = YES;
				CLANG_WARN_CONSTANT_CONVERSION = YES;
				CLANG_WARN_DEPRECATED_OBJC_IMPLEMENTATIONS = YES;
				CLANG_WARN_DIRECT_OBJC_ISA_USAGE = YES_ERROR;
				CLANG_WARN_DOCUMENTATION_COMMENTS = YES;
				CLANG_WARN_EMPTY_BODY = YES;
				CLANG_WARN_ENUM_CONVERSION = YES;
				CLANG_WARN_INFINITE_RECURSION = YES;
				CLANG_WARN_INT_CONVERSION = YES;
				CLANG_WARN_NON_LITERAL_NULL_CONVERSION = YES;
				CLANG_WARN_OBJC_IMPLICIT_RETAIN_SELF = YES;
				CLANG_WARN_OBJC_LITERAL_CONVERSION = YES;
				CLANG_WARN_OBJC_ROOT_CLASS = YES_ERROR;
				CLANG_WARN_QUOTED_INCLUDE_IN_FRAMEWORK_HEADER = YES;
				CLANG_WARN_RANGE_LOOP_ANALYSIS = YES;
				CLANG_WARN_STRICT_PROTOTYPES = YES;
				CLANG_WARN_SUSPICIOUS_MOVE = YES;
				CLANG_WARN_UNGUARDED_AVAILABILITY = YES_AGGRESSIVE;
				CLANG_WARN_UNREACHABLE_CODE = YES;
				CLANG_WARN__DUPLICATE_METHOD_MATCH = YES;
				COPY_PHASE_STRIP = NO;
				DEBUG_INFORMATION_FORMAT = "dwarf-with-dsym";
				ENABLE_NS_ASSERTIONS = NO;
				ENABLE_STRICT_OBJC_MSGSEND = YES;
				GCC_C_LANGUAGE_STANDARD = gnu11;
				GCC_NO_COMMON_BLOCKS = YES;
				GCC_WARN_64_TO_32_BIT_CONVERSION = YES;
				GCC_WARN_ABOUT_RETURN_TYPE = YES_ERROR;
				GCC_WARN_UNDECLARED_SELECTOR = YES;
				GCC_WARN_UNINITIALIZED_AUTOS = YES_AGGRESSIVE;
				GCC_WARN_UNUSED_FUNCTION = YES;
				GCC_WARN_UNUSED_VARIABLE = YES;
				IPHONEOS_DEPLOYMENT_TARGET = 14.2;
				MTL_ENABLE_DEBUG_INFO = NO;
				MTL_FAST_MATH = YES;
				SDKROOT = iphoneos;
				SWIFT_COMPILATION_MODE = wholemodule;
				SWIFT_OPTIMIZATION_LEVEL = "-O";
				VALIDATE_PRODUCT = YES;
			};
			name = Release;
		};
		63103003257500DD0018A29B /* Debug */ = {
			isa = XCBuildConfiguration;
			buildSettings = {
				ASSETCATALOG_COMPILER_APPICON_NAME = AppIcon;
				ASSETCATALOG_COMPILER_GLOBAL_ACCENT_COLOR_NAME = AccentColor;
				CODE_SIGN_STYLE = Automatic;
				DEVELOPMENT_ASSET_PATHS = "\"idine/Preview Content\"";
				DEVELOPMENT_TEAM = Z86DT6Z4G7;
				ENABLE_PREVIEWS = YES;
				INFOPLIST_FILE = idine/Info.plist;
				LD_RUNPATH_SEARCH_PATHS = (
					"$(inherited)",
					"@executable_path/Frameworks",
				);
				PRODUCT_BUNDLE_IDENTIFIER = com.NealMarlin.idine;
				PRODUCT_NAME = "$(TARGET_NAME)";
				SWIFT_VERSION = 5.0;
				TARGETED_DEVICE_FAMILY = "1,2";
			};
			name = Debug;
		};
		63103004257500DD0018A29B /* Release */ = {
			isa = XCBuildConfiguration;
			buildSettings = {
				ASSETCATALOG_COMPILER_APPICON_NAME = AppIcon;
				ASSETCATALOG_COMPILER_GLOBAL_ACCENT_COLOR_NAME = AccentColor;
				CODE_SIGN_STYLE = Automatic;
				DEVELOPMENT_ASSET_PATHS = "\"idine/Preview Content\"";
				DEVELOPMENT_TEAM = Z86DT6Z4G7;
				ENABLE_PREVIEWS = YES;
				INFOPLIST_FILE = idine/Info.plist;
				LD_RUNPATH_SEARCH_PATHS = (
					"$(inherited)",
					"@executable_path/Frameworks",
				);
				PRODUCT_BUNDLE_IDENTIFIER = com.NealMarlin.idine;
				PRODUCT_NAME = "$(TARGET_NAME)";
				SWIFT_VERSION = 5.0;
				TARGETED_DEVICE_FAMILY = "1,2";
			};
			name = Release;
		};
/* End XCBuildConfiguration section */

/* Begin XCConfigurationList section */
		63102FE9257500DB0018A29B /* Build configuration list for PBXProject "idine-UIKit" */ = {
			isa = XCConfigurationList;
			buildConfigurations = (
				63103000257500DD0018A29B /* Debug */,
				63103001257500DD0018A29B /* Release */,
			);
			defaultConfigurationIsVisible = 0;
			defaultConfigurationName = Release;
		};
		63103002257500DD0018A29B /* Build configuration list for PBXNativeTarget "idine" */ = {
			isa = XCConfigurationList;
			buildConfigurations = (
				63103003257500DD0018A29B /* Debug */,
				63103004257500DD0018A29B /* Release */,
			);
			defaultConfigurationIsVisible = 0;
			defaultConfigurationName = Release;
		};
/* End XCConfigurationList section */
	};
	rootObject = 63102FE6257500DB0018A29B /* Project object */;
}
