// !$*UTF8*$!
{
	archiveVersion = 1;
	classes = {
	};
	objectVersion = 50;
	objects = {

/* Begin PBXBuildFile section */
		63103214257509480018A29B /* RowItemView.swift in Sources */ = {isa = PBXBuildFile; fileRef = 6310320D257509480018A29B /* RowItemView.swift */; };
		63103215257509480018A29B /* Menu.swift in Sources */ = {isa = PBXBuildFile; fileRef = 6310320E257509480018A29B /* Menu.swift */; };
		63103216257509480018A29B /* menu.json in Resources */ = {isa = PBXBuildFile; fileRef = 6310320F257509480018A29B /* menu.json */; };
		63103218257509480018A29B /* Order.swift in Sources */ = {isa = PBXBuildFile; fileRef = 63103211257509480018A29B /* Order.swift */; };
		63103219257509480018A29B /* ItemDetailView.swift in Sources */ = {isa = PBXBuildFile; fileRef = 63103212257509480018A29B /* ItemDetailView.swift */; };
		6310321A257509480018A29B /* Helper.swift in Sources */ = {isa = PBXBuildFile; fileRef = 63103213257509480018A29B /* Helper.swift */; };
		6310321D257509690018A29B /* Assets.xcassets in Resources */ = {isa = PBXBuildFile; fileRef = 6310321C257509690018A29B /* Assets.xcassets */; };
		63567CE025752094004F015D /* Preview Assets.xcassets in Resources */ = {isa = PBXBuildFile; fileRef = 63567CDF25752094004F015D /* Preview Assets.xcassets */; };
		639C3ECE2575F3E700966557 /* OrderView.swift in Sources */ = {isa = PBXBuildFile; fileRef = 639C3ECD2575F3E700966557 /* OrderView.swift */; };
		639C3EDC257634CD00966557 /* AppView.swift in Sources */ = {isa = PBXBuildFile; fileRef = 639C3EDB257634CD00966557 /* AppView.swift */; };
		639C3EE42576383A00966557 /* MenuView.swift in Sources */ = {isa = PBXBuildFile; fileRef = 639C3EE32576383A00966557 /* MenuView.swift */; };
		63F3420C256BDD5E00381DCC /* idineApp.swift in Sources */ = {isa = PBXBuildFile; fileRef = 63F3420B256BDD5E00381DCC /* idineApp.swift */; };
/* End PBXBuildFile section */

/* Begin PBXFileReference section */
		6310320D257509480018A29B /* RowItemView.swift */ = {isa = PBXFileReference; fileEncoding = 4; lastKnownFileType = sourcecode.swift; name = RowItemView.swift; path = ../../shared/RowItemView.swift; sourceTree = "<group>"; };
		6310320E257509480018A29B /* Menu.swift */ = {isa = PBXFileReference; fileEncoding = 4; lastKnownFileType = sourcecode.swift; name = Menu.swift; path = ../../shared/Menu.swift; sourceTree = "<group>"; };
		6310320F257509480018A29B /* menu.json */ = {isa = PBXFileReference; fileEncoding = 4; lastKnownFileType = text.json; name = menu.json; path = ../../shared/menu.json; sourceTree = "<group>"; };
		63103211257509480018A29B /* Order.swift */ = {isa = PBXFileReference; fileEncoding = 4; lastKnownFileType = sourcecode.swift; name = Order.swift; path = ../../shared/Order.swift; sourceTree = "<group>"; };
		63103212257509480018A29B /* ItemDetailView.swift */ = {isa = PBXFileReference; fileEncoding = 4; lastKnownFileType = sourcecode.swift; name = ItemDetailView.swift; path = ../../shared/ItemDetailView.swift; sourceTree = "<group>"; };
		63103213257509480018A29B /* Helper.swift */ = {isa = PBXFileReference; fileEncoding = 4; lastKnownFileType = sourcecode.swift; name = Helper.swift; path = ../../shared/Helper.swift; sourceTree = "<group>"; };
		6310321C257509690018A29B /* Assets.xcassets */ = {isa = PBXFileReference; lastKnownFileType = folder.assetcatalog; name = Assets.xcassets; path = ../../shared/Assets.xcassets; sourceTree = "<group>"; };
		63567CDF25752094004F015D /* Preview Assets.xcassets */ = {isa = PBXFileReference; lastKnownFileType = folder.assetcatalog; path = "Preview Assets.xcassets"; sourceTree = "<group>"; };
		639C3ECD2575F3E700966557 /* OrderView.swift */ = {isa = PBXFileReference; fileEncoding = 4; lastKnownFileType = sourcecode.swift; name = OrderView.swift; path = ../../shared/OrderView.swift; sourceTree = "<group>"; };
		639C3EDB257634CD00966557 /* AppView.swift */ = {isa = PBXFileReference; fileEncoding = 4; lastKnownFileType = sourcecode.swift; name = AppView.swift; path = ../../shared/AppView.swift; sourceTree = "<group>"; };
		639C3EE32576383A00966557 /* MenuView.swift */ = {isa = PBXFileReference; fileEncoding = 4; lastKnownFileType = sourcecode.swift; name = MenuView.swift; path = ../../shared/MenuView.swift; sourceTree = "<group>"; };
		63F34208256BDD5E00381DCC /* idine.app */ = {isa = PBXFileReference; explicitFileType = wrapper.application; includeInIndex = 0; path = idine.app; sourceTree = BUILT_PRODUCTS_DIR; };
		63F3420B256BDD5E00381DCC /* idineApp.swift */ = {isa = PBXFileReference; lastKnownFileType = sourcecode.swift; path = idineApp.swift; sourceTree = "<group>"; };
		63F34214256BDD6200381DCC /* Info.plist */ = {isa = PBXFileReference; lastKnownFileType = text.plist.xml; path = Info.plist; sourceTree = "<group>"; };
/* End PBXFileReference section */

/* Begin PBXFrameworksBuildPhase section */
		63F34205256BDD5E00381DCC /* Frameworks */ = {
			isa = PBXFrameworksBuildPhase;
			buildActionMask = 2147483647;
			files = (
			);
			runOnlyForDeploymentPostprocessing = 0;
		};
/* End PBXFrameworksBuildPhase section */

/* Begin PBXGroup section */
		63567CDE25752094004F015D /* Preview Content */ = {
			isa = PBXGroup;
			children = (
				63567CDF25752094004F015D /* Preview Assets.xcassets */,
			);
			path = "Preview Content";
			sourceTree = "<group>";
		};
		63F341FF256BDD5E00381DCC = {
			isa = PBXGroup;
			children = (
				63F3420A256BDD5E00381DCC /* idine */,
				63F34209256BDD5E00381DCC /* Products */,
			);
			sourceTree = "<group>";
		};
		63F34209256BDD5E00381DCC /* Products */ = {
			isa = PBXGroup;
			children = (
				63F34208256BDD5E00381DCC /* idine.app */,
			);
			name = Products;
			sourceTree = "<group>";
		};
		63F3420A256BDD5E00381DCC /* idine */ = {
			isa = PBXGroup;
			children = (
				639C3EE32576383A00966557 /* MenuView.swift */,
				639C3EDB257634CD00966557 /* AppView.swift */,
				639C3ECD2575F3E700966557 /* OrderView.swift */,
				6310321C257509690018A29B /* Assets.xcassets */,
				63103213257509480018A29B /* Helper.swift */,
				63103212257509480018A29B /* ItemDetailView.swift */,
				6310320F257509480018A29B /* menu.json */,
				6310320E257509480018A29B /* Menu.swift */,
				63103211257509480018A29B /* Order.swift */,
				6310320D257509480018A29B /* RowItemView.swift */,
				63F3420B256BDD5E00381DCC /* idineApp.swift */,
				63F34214256BDD6200381DCC /* Info.plist */,
				63567CDE25752094004F015D /* Preview Content */,
			);
			path = idine;
			sourceTree = "<group>";
		};
/* End PBXGroup section */

/* Begin PBXNativeTarget section */
		63F34207256BDD5E00381DCC /* idine */ = {
			isa = PBXNativeTarget;
			buildConfigurationList = 63F34217256BDD6200381DCC /* Build configuration list for PBXNativeTarget "idine" */;
			buildPhases = (
				63F34204256BDD5E00381DCC /* Sources */,
				63F34205256BDD5E00381DCC /* Frameworks */,
				63F34206256BDD5E00381DCC /* Resources */,
			);
			buildRules = (
			);
			dependencies = (
			);
			name = idine;
			productName = idine;
			productReference = 63F34208256BDD5E00381DCC /* idine.app */;
			productType = "com.apple.product-type.application";
		};
/* End PBXNativeTarget section */

/* Begin PBXProject section */
		63F34200256BDD5E00381DCC /* Project object */ = {
			isa = PBXProject;
			attributes = {
				LastSwiftUpdateCheck = 1210;
				LastUpgradeCheck = 1210;
				TargetAttributes = {
					63F34207256BDD5E00381DCC = {
						CreatedOnToolsVersion = 12.1;
					};
				};
			};
			buildConfigurationList = 63F34203256BDD5E00381DCC /* Build configuration list for PBXProject "idine" */;
			compatibilityVersion = "Xcode 9.3";
			developmentRegion = en;
			hasScannedForEncodings = 0;
			knownRegions = (
				en,
				Base,
			);
			mainGroup = 63F341FF256BDD5E00381DCC;
			productRefGroup = 63F34209256BDD5E00381DCC /* Products */;
			projectDirPath = "";
			projectRoot = "";
			targets = (
				63F34207256BDD5E00381DCC /* idine */,
			);
		};
/* End PBXProject section */

/* Begin PBXResourcesBuildPhase section */
		63F34206256BDD5E00381DCC /* Resources */ = {
			isa = PBXResourcesBuildPhase;
			buildActionMask = 2147483647;
			files = (
				63103216257509480018A29B /* menu.json in Resources */,
				63567CE025752094004F015D /* Preview Assets.xcassets in Resources */,
				6310321D257509690018A29B /* Assets.xcassets in Resources */,
			);
			runOnlyForDeploymentPostprocessing = 0;
		};
/* End PBXResourcesBuildPhase section */

/* Begin PBXSourcesBuildPhase section */
		63F34204256BDD5E00381DCC /* Sources */ = {
			isa = PBXSourcesBuildPhase;
			buildActionMask = 2147483647;
			files = (
				63103219257509480018A29B /* ItemDetailView.swift in Sources */,
				639C3ECE2575F3E700966557 /* OrderView.swift in Sources */,
				639C3EDC257634CD00966557 /* AppView.swift in Sources */,
				6310321A257509480018A29B /* Helper.swift in Sources */,
				639C3EE42576383A00966557 /* MenuView.swift in Sources */,
				63103215257509480018A29B /* Menu.swift in Sources */,
				63103214257509480018A29B /* RowItemView.swift in Sources */,
				63103218257509480018A29B /* Order.swift in Sources */,
				63F3420C256BDD5E00381DCC /* idineApp.swift in Sources */,
			);
			runOnlyForDeploymentPostprocessing = 0;
		};
/* End PBXSourcesBuildPhase section */

/* Begin XCBuildConfiguration section */
		63F34215256BDD6200381DCC /* Debug */ = {
			isa = XCBuildConfiguration;
			buildSettings = {
				ALWAYS_SEARCH_USER_PATHS = NO;
				CLANG_ANALYZER_NONNULL = YES;
				CLANG_ANALYZER_NUMBER_OBJECT_CONVERSION = YES_AGGRESSIVE;
				CLANG_CXX_LANGUAGE_STANDARD = "gnu++14";
				CLANG_CXX_LIBRARY = "libc++";
				CLANG_ENABLE_MODULES = YES;
				CLANG_ENABLE_OBJC_ARC = YES;
				CLANG_ENABLE_OBJC_WEAK = YES;
				CLANG_WARN_BLOCK_CAPTURE_AUTORELEASING = YES;
				CLANG_WARN_BOOL_CONVERSION = YES;
				CLANG_WARN_COMMA = YES;
				CLANG_WARN_CONSTANT_CONVERSION = YES;
				CLANG_WARN_DEPRECATED_OBJC_IMPLEMENTATIONS = YES;
				CLANG_WARN_DIRECT_OBJC_ISA_USAGE = YES_ERROR;
				CLANG_WARN_DOCUMENTATION_COMMENTS = YES;
				CLANG_WARN_EMPTY_BODY = YES;
				CLANG_WARN_ENUM_CONVERSION = YES;
				CLANG_WARN_INFINITE_RECURSION = YES;
				CLANG_WARN_INT_CONVERSION = YES;
				CLANG_WARN_NON_LITERAL_NULL_CONVERSION = YES;
				CLANG_WARN_OBJC_IMPLICIT_RETAIN_SELF = YES;
				CLANG_WARN_OBJC_LITERAL_CONVERSION = YES;
				CLANG_WARN_OBJC_ROOT_CLASS = YES_ERROR;
				CLANG_WARN_QUOTED_INCLUDE_IN_FRAMEWORK_HEADER = YES;
				CLANG_WARN_RANGE_LOOP_ANALYSIS = YES;
				CLANG_WARN_STRICT_PROTOTYPES = YES;
				CLANG_WARN_SUSPICIOUS_MOVE = YES;
				CLANG_WARN_UNGUARDED_AVAILABILITY = YES_AGGRESSIVE;
				CLANG_WARN_UNREACHABLE_CODE = YES;
				CLANG_WARN__DUPLICATE_METHOD_MATCH = YES;
				COPY_PHASE_STRIP = NO;
				DEBUG_INFORMATION_FORMAT = dwarf;
				ENABLE_STRICT_OBJC_MSGSEND = YES;
				ENABLE_TESTABILITY = YES;
				GCC_C_LANGUAGE_STANDARD = gnu11;
				GCC_DYNAMIC_NO_PIC = NO;
				GCC_NO_COMMON_BLOCKS = YES;
				GCC_OPTIMIZATION_LEVEL = 0;
				GCC_PREPROCESSOR_DEFINITIONS = (
					"DEBUG=1",
					"$(inherited)",
				);
				GCC_WARN_64_TO_32_BIT_CONVERSION = YES;
				GCC_WARN_ABOUT_RETURN_TYPE = YES_ERROR;
				GCC_WARN_UNDECLARED_SELECTOR = YES;
				GCC_WARN_UNINITIALIZED_AUTOS = YES_AGGRESSIVE;
				GCC_WARN_UNUSED_FUNCTION = YES;
				GCC_WARN_UNUSED_VARIABLE = YES;
				IPHONEOS_DEPLOYMENT_TARGET = 14.1;
				MTL_ENABLE_DEBUG_INFO = INCLUDE_SOURCE;
				MTL_FAST_MATH = YES;
				ONLY_ACTIVE_ARCH = YES;
				SDKROOT = iphoneos;
				SWIFT_ACTIVE_COMPILATION_CONDITIONS = DEBUG;
				SWIFT_OPTIMIZATION_LEVEL = "-Onone";
			};
			name = Debug;
		};
		63F34216256BDD6200381DCC /* Release */ = {
			isa = XCBuildConfiguration;
			buildSettings = {
				ALWAYS_SEARCH_USER_PATHS = NO;
				CLANG_ANALYZER_NONNULL = YES;
				CLANG_ANALYZER_NUMBER_OBJECT_CONVERSION = YES_AGGRESSIVE;
				CLANG_CXX_LANGUAGE_STANDARD = "gnu++14";
				CLANG_CXX_LIBRARY = "libc++";
				CLANG_ENABLE_MODULES = YES;
				CLANG_ENABLE_OBJC_ARC = YES;
				CLANG_ENABLE_OBJC_WEAK = YES;
				CLANG_WARN_BLOCK_CAPTURE_AUTORELEASING = YES;
				CLANG_WARN_BOOL_CONVERSION = YES;
				CLANG_WARN_COMMA = YES;
				CLANG_WARN_CONSTANT_CONVERSION = YES;
				CLANG_WARN_DEPRECATED_OBJC_IMPLEMENTATIONS = YES;
				CLANG_WARN_DIRECT_OBJC_ISA_USAGE = YES_ERROR;
				CLANG_WARN_DOCUMENTATION_COMMENTS = YES;
				CLANG_WARN_EMPTY_BODY = YES;
				CLANG_WARN_ENUM_CONVERSION = YES;
				CLANG_WARN_INFINITE_RECURSION = YES;
				CLANG_WARN_INT_CONVERSION = YES;
				CLANG_WARN_NON_LITERAL_NULL_CONVERSION = YES;
				CLANG_WARN_OBJC_IMPLICIT_RETAIN_SELF = YES;
				CLANG_WARN_OBJC_LITERAL_CONVERSION = YES;
				CLANG_WARN_OBJC_ROOT_CLASS = YES_ERROR;
				CLANG_WARN_QUOTED_INCLUDE_IN_FRAMEWORK_HEADER = YES;
				CLANG_WARN_RANGE_LOOP_ANALYSIS = YES;
				CLANG_WARN_STRICT_PROTOTYPES = YES;
				CLANG_WARN_SUSPICIOUS_MOVE = YES;
				CLANG_WARN_UNGUARDED_AVAILABILITY = YES_AGGRESSIVE;
				CLANG_WARN_UNREACHABLE_CODE = YES;
				CLANG_WARN__DUPLICATE_METHOD_MATCH = YES;
				COPY_PHASE_STRIP = NO;
				DEBUG_INFORMATION_FORMAT = "dwarf-with-dsym";
				ENABLE_NS_ASSERTIONS = NO;
				ENABLE_STRICT_OBJC_MSGSEND = YES;
				GCC_C_LANGUAGE_STANDARD = gnu11;
				GCC_NO_COMMON_BLOCKS = YES;
				GCC_WARN_64_TO_32_BIT_CONVERSION = YES;
				GCC_WARN_ABOUT_RETURN_TYPE = YES_ERROR;
				GCC_WARN_UNDECLARED_SELECTOR = YES;
				GCC_WARN_UNINITIALIZED_AUTOS = YES_AGGRESSIVE;
				GCC_WARN_UNUSED_FUNCTION = YES;
				GCC_WARN_UNUSED_VARIABLE = YES;
				IPHONEOS_DEPLOYMENT_TARGET = 14.1;
				MTL_ENABLE_DEBUG_INFO = NO;
				MTL_FAST_MATH = YES;
				SDKROOT = iphoneos;
				SWIFT_COMPILATION_MODE = wholemodule;
				SWIFT_OPTIMIZATION_LEVEL = "-O";
				VALIDATE_PRODUCT = YES;
			};
			name = Release;
		};
		63F34218256BDD6200381DCC /* Debug */ = {
			isa = XCBuildConfiguration;
			buildSettings = {
				ASSETCATALOG_COMPILER_APPICON_NAME = AppIcon;
				ASSETCATALOG_COMPILER_GLOBAL_ACCENT_COLOR_NAME = AccentColor;
				CODE_SIGN_STYLE = Automatic;
				DEVELOPMENT_ASSET_PATHS = "";
				DEVELOPMENT_TEAM = Z86DT6Z4G7;
				ENABLE_PREVIEWS = YES;
				INFOPLIST_FILE = idine/Info.plist;
				IPHONEOS_DEPLOYMENT_TARGET = 14.0;
				LD_RUNPATH_SEARCH_PATHS = (
					"$(inherited)",
					"@executable_path/Frameworks",
				);
				PRODUCT_BUNDLE_IDENTIFIER = com.NealMarlin.idine;
				PRODUCT_NAME = "$(TARGET_NAME)";
				SWIFT_VERSION = 5.0;
				TARGETED_DEVICE_FAMILY = "1,2";
			};
			name = Debug;
		};
		63F34219256BDD6200381DCC /* Release */ = {
			isa = XCBuildConfiguration;
			buildSettings = {
				ASSETCATALOG_COMPILER_APPICON_NAME = AppIcon;
				ASSETCATALOG_COMPILER_GLOBAL_ACCENT_COLOR_NAME = AccentColor;
				CODE_SIGN_STYLE = Automatic;
				DEVELOPMENT_ASSET_PATHS = "";
				DEVELOPMENT_TEAM = Z86DT6Z4G7;
				ENABLE_PREVIEWS = YES;
				INFOPLIST_FILE = idine/Info.plist;
				IPHONEOS_DEPLOYMENT_TARGET = 14.0;
				LD_RUNPATH_SEARCH_PATHS = (
					"$(inherited)",
					"@executable_path/Frameworks",
				);
				PRODUCT_BUNDLE_IDENTIFIER = com.NealMarlin.idine;
				PRODUCT_NAME = "$(TARGET_NAME)";
				SWIFT_VERSION = 5.0;
				TARGETED_DEVICE_FAMILY = "1,2";
			};
			name = Release;
		};
/* End XCBuildConfiguration section */

/* Begin XCConfigurationList section */
		63F34203256BDD5E00381DCC /* Build configuration list for PBXProject "idine" */ = {
			isa = XCConfigurationList;
			buildConfigurations = (
				63F34215256BDD6200381DCC /* Debug */,
				63F34216256BDD6200381DCC /* Release */,
			);
			defaultConfigurationIsVisible = 0;
			defaultConfigurationName = Release;
		};
		63F34217256BDD6200381DCC /* Build configuration list for PBXNativeTarget "idine" */ = {
			isa = XCConfigurationList;
			buildConfigurations = (
				63F34218256BDD6200381DCC /* Debug */,
				63F34219256BDD6200381DCC /* Release */,
			);
			defaultConfigurationIsVisible = 0;
			defaultConfigurationName = Release;
		};
/* End XCConfigurationList section */
	};
	rootObject = 63F34200256BDD5E00381DCC /* Project object */;
}
